// !$*UTF8*$!
{
	archiveVersion = 1;
	classes = {
	};
	objectVersion = 46;
	objects = {

/* Begin PBXBuildFile section */
		25C02E4A1A9A545700EEE176 /* AppDelegate.swift in Sources */ = {isa = PBXBuildFile; fileRef = 25C02E491A9A545700EEE176 /* AppDelegate.swift */; };
		25C02E4C1A9A545700EEE176 /* GameScene.sks in Resources */ = {isa = PBXBuildFile; fileRef = 25C02E4B1A9A545700EEE176 /* GameScene.sks */; };
		25C02E4E1A9A545700EEE176 /* GameScene.swift in Sources */ = {isa = PBXBuildFile; fileRef = 25C02E4D1A9A545700EEE176 /* GameScene.swift */; };
		25C02E501A9A545700EEE176 /* GameViewController.swift in Sources */ = {isa = PBXBuildFile; fileRef = 25C02E4F1A9A545700EEE176 /* GameViewController.swift */; };
		25C02E531A9A545700EEE176 /* Main.storyboard in Resources */ = {isa = PBXBuildFile; fileRef = 25C02E511A9A545700EEE176 /* Main.storyboard */; };
		25C02E551A9A545700EEE176 /* Images.xcassets in Resources */ = {isa = PBXBuildFile; fileRef = 25C02E541A9A545700EEE176 /* Images.xcassets */; };
		25C02E581A9A545700EEE176 /* LaunchScreen.xib in Resources */ = {isa = PBXBuildFile; fileRef = 25C02E561A9A545700EEE176 /* LaunchScreen.xib */; };
		25C02E641A9A545700EEE176 /* MontyHallProblemTests.swift in Sources */ = {isa = PBXBuildFile; fileRef = 25C02E631A9A545700EEE176 /* MontyHallProblemTests.swift */; };
		25C02E771A9A5D4000EEE176 /* goatPic.jpg in Resources */ = {isa = PBXBuildFile; fileRef = 25C02E741A9A5D4000EEE176 /* goatPic.jpg */; };
		25C02E781A9A5D4000EEE176 /* sv650PicSmall.jpeg in Resources */ = {isa = PBXBuildFile; fileRef = 25C02E751A9A5D4000EEE176 /* sv650PicSmall.jpeg */; };
		25CCC0D21A9AA9E500261499 /* lilCircle.png in Resources */ = {isa = PBXBuildFile; fileRef = 25CCC0D11A9AA9E500261499 /* lilCircle.png */; };
		25CCC0D41A9ABD3700261499 /* doorPic.png in Resources */ = {isa = PBXBuildFile; fileRef = 25CCC0D31A9ABD3700261499 /* doorPic.png */; };
/* End PBXBuildFile section */

/* Begin PBXContainerItemProxy section */
		25C02E5E1A9A545700EEE176 /* PBXContainerItemProxy */ = {
			isa = PBXContainerItemProxy;
			containerPortal = 25C02E3C1A9A545700EEE176 /* Project object */;
			proxyType = 1;
			remoteGlobalIDString = 25C02E431A9A545700EEE176;
			remoteInfo = MontyHallProblem;
		};
/* End PBXContainerItemProxy section */

/* Begin PBXFileReference section */
		25C02E441A9A545700EEE176 /* MontyHallProblem.app */ = {isa = PBXFileReference; explicitFileType = wrapper.application; includeInIndex = 0; path = MontyHallProblem.app; sourceTree = BUILT_PRODUCTS_DIR; };
		25C02E481A9A545700EEE176 /* Info.plist */ = {isa = PBXFileReference; lastKnownFileType = text.plist.xml; path = Info.plist; sourceTree = "<group>"; };
		25C02E491A9A545700EEE176 /* AppDelegate.swift */ = {isa = PBXFileReference; lastKnownFileType = sourcecode.swift; path = AppDelegate.swift; sourceTree = "<group>"; };
		25C02E4B1A9A545700EEE176 /* GameScene.sks */ = {isa = PBXFileReference; lastKnownFileType = file.sks; path = GameScene.sks; sourceTree = "<group>"; };
		25C02E4D1A9A545700EEE176 /* GameScene.swift */ = {isa = PBXFileReference; lastKnownFileType = sourcecode.swift; path = GameScene.swift; sourceTree = "<group>"; };
		25C02E4F1A9A545700EEE176 /* GameViewController.swift */ = {isa = PBXFileReference; lastKnownFileType = sourcecode.swift; path = GameViewController.swift; sourceTree = "<group>"; };
		25C02E521A9A545700EEE176 /* Base */ = {isa = PBXFileReference; lastKnownFileType = file.storyboard; name = Base; path = Base.lproj/Main.storyboard; sourceTree = "<group>"; };
		25C02E541A9A545700EEE176 /* Images.xcassets */ = {isa = PBXFileReference; lastKnownFileType = folder.assetcatalog; path = Images.xcassets; sourceTree = "<group>"; };
		25C02E571A9A545700EEE176 /* Base */ = {isa = PBXFileReference; lastKnownFileType = file.xib; name = Base; path = Base.lproj/LaunchScreen.xib; sourceTree = "<group>"; };
		25C02E5D1A9A545700EEE176 /* MontyHallProblemTests.xctest */ = {isa = PBXFileReference; explicitFileType = wrapper.cfbundle; includeInIndex = 0; path = MontyHallProblemTests.xctest; sourceTree = BUILT_PRODUCTS_DIR; };
		25C02E621A9A545700EEE176 /* Info.plist */ = {isa = PBXFileReference; lastKnownFileType = text.plist.xml; path = Info.plist; sourceTree = "<group>"; };
		25C02E631A9A545700EEE176 /* MontyHallProblemTests.swift */ = {isa = PBXFileReference; lastKnownFileType = sourcecode.swift; path = MontyHallProblemTests.swift; sourceTree = "<group>"; };
		25C02E741A9A5D4000EEE176 /* goatPic.jpg */ = {isa = PBXFileReference; lastKnownFileType = image.jpeg; path = goatPic.jpg; sourceTree = "<group>"; };
		25C02E751A9A5D4000EEE176 /* sv650PicSmall.jpeg */ = {isa = PBXFileReference; lastKnownFileType = image.jpeg; path = sv650PicSmall.jpeg; sourceTree = "<group>"; };
		25CCC0D11A9AA9E500261499 /* lilCircle.png */ = {isa = PBXFileReference; lastKnownFileType = image.png; path = lilCircle.png; sourceTree = "<group>"; };
		25CCC0D31A9ABD3700261499 /* doorPic.png */ = {isa = PBXFileReference; lastKnownFileType = image.png; path = doorPic.png; sourceTree = "<group>"; };
/* End PBXFileReference section */

/* Begin PBXFrameworksBuildPhase section */
		25C02E411A9A545700EEE176 /* Frameworks */ = {
			isa = PBXFrameworksBuildPhase;
			buildActionMask = 2147483647;
			files = (
			);
			runOnlyForDeploymentPostprocessing = 0;
		};
		25C02E5A1A9A545700EEE176 /* Frameworks */ = {
			isa = PBXFrameworksBuildPhase;
			buildActionMask = 2147483647;
			files = (
			);
			runOnlyForDeploymentPostprocessing = 0;
		};
/* End PBXFrameworksBuildPhase section */

/* Begin PBXGroup section */
		25C02E3B1A9A545700EEE176 = {
			isa = PBXGroup;
			children = (
				25C02E461A9A545700EEE176 /* MontyHallProblem */,
				25C02E601A9A545700EEE176 /* MontyHallProblemTests */,
				25C02E451A9A545700EEE176 /* Products */,
			);
			sourceTree = "<group>";
		};
		25C02E451A9A545700EEE176 /* Products */ = {
			isa = PBXGroup;
			children = (
				25C02E441A9A545700EEE176 /* MontyHallProblem.app */,
				25C02E5D1A9A545700EEE176 /* MontyHallProblemTests.xctest */,
			);
			name = Products;
			sourceTree = "<group>";
		};
		25C02E461A9A545700EEE176 /* MontyHallProblem */ = {
			isa = PBXGroup;
			children = (
				25C02E491A9A545700EEE176 /* AppDelegate.swift */,
				25C02E4B1A9A545700EEE176 /* GameScene.sks */,
				25C02E4D1A9A545700EEE176 /* GameScene.swift */,
				25C02E4F1A9A545700EEE176 /* GameViewController.swift */,
				25CCC0D31A9ABD3700261499 /* doorPic.png */,
				25C02E741A9A5D4000EEE176 /* goatPic.jpg */,
				25C02E751A9A5D4000EEE176 /* sv650PicSmall.jpeg */,
				25CCC0D11A9AA9E500261499 /* lilCircle.png */,
				25C02E511A9A545700EEE176 /* Main.storyboard */,
				25C02E541A9A545700EEE176 /* Images.xcassets */,
				25C02E561A9A545700EEE176 /* LaunchScreen.xib */,
				25C02E471A9A545700EEE176 /* Supporting Files */,
			);
			path = MontyHallProblem;
			sourceTree = "<group>";
		};
		25C02E471A9A545700EEE176 /* Supporting Files */ = {
			isa = PBXGroup;
			children = (
				25C02E481A9A545700EEE176 /* Info.plist */,
			);
			name = "Supporting Files";
			sourceTree = "<group>";
		};
		25C02E601A9A545700EEE176 /* MontyHallProblemTests */ = {
			isa = PBXGroup;
			children = (
				25C02E631A9A545700EEE176 /* MontyHallProblemTests.swift */,
				25C02E611A9A545700EEE176 /* Supporting Files */,
			);
			path = MontyHallProblemTests;
			sourceTree = "<group>";
		};
		25C02E611A9A545700EEE176 /* Supporting Files */ = {
			isa = PBXGroup;
			children = (
				25C02E621A9A545700EEE176 /* Info.plist */,
			);
			name = "Supporting Files";
			sourceTree = "<group>";
		};
/* End PBXGroup section */

/* Begin PBXNativeTarget section */
		25C02E431A9A545700EEE176 /* MontyHallProblem */ = {
			isa = PBXNativeTarget;
			buildConfigurationList = 25C02E671A9A545700EEE176 /* Build configuration list for PBXNativeTarget "MontyHallProblem" */;
			buildPhases = (
				25C02E401A9A545700EEE176 /* Sources */,
				25C02E411A9A545700EEE176 /* Frameworks */,
				25C02E421A9A545700EEE176 /* Resources */,
			);
			buildRules = (
			);
			dependencies = (
			);
			name = MontyHallProblem;
			productName = MontyHallProblem;
			productReference = 25C02E441A9A545700EEE176 /* MontyHallProblem.app */;
			productType = "com.apple.product-type.application";
		};
		25C02E5C1A9A545700EEE176 /* MontyHallProblemTests */ = {
			isa = PBXNativeTarget;
			buildConfigurationList = 25C02E6A1A9A545700EEE176 /* Build configuration list for PBXNativeTarget "MontyHallProblemTests" */;
			buildPhases = (
				25C02E591A9A545700EEE176 /* Sources */,
				25C02E5A1A9A545700EEE176 /* Frameworks */,
				25C02E5B1A9A545700EEE176 /* Resources */,
			);
			buildRules = (
			);
			dependencies = (
				25C02E5F1A9A545700EEE176 /* PBXTargetDependency */,
			);
			name = MontyHallProblemTests;
			productName = MontyHallProblemTests;
			productReference = 25C02E5D1A9A545700EEE176 /* MontyHallProblemTests.xctest */;
			productType = "com.apple.product-type.bundle.unit-test";
		};
/* End PBXNativeTarget section */

/* Begin PBXProject section */
		25C02E3C1A9A545700EEE176 /* Project object */ = {
			isa = PBXProject;
			attributes = {
				LastUpgradeCheck = 0610;
				ORGANIZATIONNAME = sine;
				TargetAttributes = {
					25C02E431A9A545700EEE176 = {
						CreatedOnToolsVersion = 6.1.1;
					};
					25C02E5C1A9A545700EEE176 = {
						CreatedOnToolsVersion = 6.1.1;
						TestTargetID = 25C02E431A9A545700EEE176;
					};
				};
			};
			buildConfigurationList = 25C02E3F1A9A545700EEE176 /* Build configuration list for PBXProject "MontyHallProblem" */;
			compatibilityVersion = "Xcode 3.2";
			developmentRegion = English;
			hasScannedForEncodings = 0;
			knownRegions = (
				en,
				Base,
			);
			mainGroup = 25C02E3B1A9A545700EEE176;
			productRefGroup = 25C02E451A9A545700EEE176 /* Products */;
			projectDirPath = "";
			projectRoot = "";
			targets = (
				25C02E431A9A545700EEE176 /* MontyHallProblem */,
				25C02E5C1A9A545700EEE176 /* MontyHallProblemTests */,
			);
		};
/* End PBXProject section */

/* Begin PBXResourcesBuildPhase section */
		25C02E421A9A545700EEE176 /* Resources */ = {
			isa = PBXResourcesBuildPhase;
			buildActionMask = 2147483647;
			files = (
				25C02E581A9A545700EEE176 /* LaunchScreen.xib in Resources */,
				25C02E551A9A545700EEE176 /* Images.xcassets in Resources */,
				25CCC0D21A9AA9E500261499 /* lilCircle.png in Resources */,
				25C02E4C1A9A545700EEE176 /* GameScene.sks in Resources */,
				25C02E781A9A5D4000EEE176 /* sv650PicSmall.jpeg in Resources */,
				25C02E531A9A545700EEE176 /* Main.storyboard in Resources */,
				25CCC0D41A9ABD3700261499 /* doorPic.png in Resources */,
				25C02E771A9A5D4000EEE176 /* goatPic.jpg in Resources */,
			);
			runOnlyForDeploymentPostprocessing = 0;
		};
		25C02E5B1A9A545700EEE176 /* Resources */ = {
			isa = PBXResourcesBuildPhase;
			buildActionMask = 2147483647;
			files = (
			);
			runOnlyForDeploymentPostprocessing = 0;
		};
/* End PBXResourcesBuildPhase section */

/* Begin PBXSourcesBuildPhase section */
		25C02E401A9A545700EEE176 /* Sources */ = {
			isa = PBXSourcesBuildPhase;
			buildActionMask = 2147483647;
			files = (
				25C02E4E1A9A545700EEE176 /* GameScene.swift in Sources */,
				25C02E501A9A545700EEE176 /* GameViewController.swift in Sources */,
				25C02E4A1A9A545700EEE176 /* AppDelegate.swift in Sources */,
			);
			runOnlyForDeploymentPostprocessing = 0;
		};
		25C02E591A9A545700EEE176 /* Sources */ = {
			isa = PBXSourcesBuildPhase;
			buildActionMask = 2147483647;
			files = (
				25C02E641A9A545700EEE176 /* MontyHallProblemTests.swift in Sources */,
			);
			runOnlyForDeploymentPostprocessing = 0;
		};
/* End PBXSourcesBuildPhase section */

/* Begin PBXTargetDependency section */
		25C02E5F1A9A545700EEE176 /* PBXTargetDependency */ = {
			isa = PBXTargetDependency;
			target = 25C02E431A9A545700EEE176 /* MontyHallProblem */;
			targetProxy = 25C02E5E1A9A545700EEE176 /* PBXContainerItemProxy */;
		};
/* End PBXTargetDependency section */

/* Begin PBXVariantGroup section */
		25C02E511A9A545700EEE176 /* Main.storyboard */ = {
			isa = PBXVariantGroup;
			children = (
				25C02E521A9A545700EEE176 /* Base */,
			);
			name = Main.storyboard;
			sourceTree = "<group>";
		};
		25C02E561A9A545700EEE176 /* LaunchScreen.xib */ = {
			isa = PBXVariantGroup;
			children = (
				25C02E571A9A545700EEE176 /* Base */,
			);
			name = LaunchScreen.xib;
			sourceTree = "<group>";
		};
/* End PBXVariantGroup section */

/* Begin XCBuildConfiguration section */
		25C02E651A9A545700EEE176 /* Debug */ = {
			isa = XCBuildConfiguration;
			buildSettings = {
				ALWAYS_SEARCH_USER_PATHS = NO;
				CLANG_CXX_LANGUAGE_STANDARD = "gnu++0x";
				CLANG_CXX_LIBRARY = "libc++";
				CLANG_ENABLE_MODULES = YES;
				CLANG_ENABLE_OBJC_ARC = YES;
				CLANG_WARN_BOOL_CONVERSION = YES;
				CLANG_WARN_CONSTANT_CONVERSION = YES;
				CLANG_WARN_DIRECT_OBJC_ISA_USAGE = YES_ERROR;
				CLANG_WARN_EMPTY_BODY = YES;
				CLANG_WARN_ENUM_CONVERSION = YES;
				CLANG_WARN_INT_CONVERSION = YES;
				CLANG_WARN_OBJC_ROOT_CLASS = YES_ERROR;
				CLANG_WARN_UNREACHABLE_CODE = YES;
				CLANG_WARN__DUPLICATE_METHOD_MATCH = YES;
				"CODE_SIGN_IDENTITY[sdk=iphoneos*]" = "iPhone Developer";
				COPY_PHASE_STRIP = NO;
				ENABLE_STRICT_OBJC_MSGSEND = YES;
				GCC_C_LANGUAGE_STANDARD = gnu99;
				GCC_DYNAMIC_NO_PIC = NO;
				GCC_OPTIMIZATION_LEVEL = 0;
				GCC_PREPROCESSOR_DEFINITIONS = (
					"DEBUG=1",
					"$(inherited)",
				);
				GCC_SYMBOLS_PRIVATE_EXTERN = NO;
				GCC_WARN_64_TO_32_BIT_CONVERSION = YES;
				GCC_WARN_ABOUT_RETURN_TYPE = YES_ERROR;
				GCC_WARN_UNDECLARED_SELECTOR = YES;
				GCC_WARN_UNINITIALIZED_AUTOS = YES_AGGRESSIVE;
				GCC_WARN_UNUSED_FUNCTION = YES;
				GCC_WARN_UNUSED_VARIABLE = YES;
				IPHONEOS_DEPLOYMENT_TARGET = 8.1;
				MTL_ENABLE_DEBUG_INFO = YES;
				ONLY_ACTIVE_ARCH = YES;
				SDKROOT = iphoneos;
				SWIFT_OPTIMIZATION_LEVEL = "-Onone";
				TARGETED_DEVICE_FAMILY = "1,2";
			};
			name = Debug;
		};
		25C02E661A9A545700EEE176 /* Release */ = {
			isa = XCBuildConfiguration;
			buildSettings = {
				ALWAYS_SEARCH_USER_PATHS = NO;
				CLANG_CXX_LANGUAGE_STANDARD = "gnu++0x";
				CLANG_CXX_LIBRARY = "libc++";
				CLANG_ENABLE_MODULES = YES;
				CLANG_ENABLE_OBJC_ARC = YES;
				CLANG_WARN_BOOL_CONVERSION = YES;
				CLANG_WARN_CONSTANT_CONVERSION = YES;
				CLANG_WARN_DIRECT_OBJC_ISA_USAGE = YES_ERROR;
				CLANG_WARN_EMPTY_BODY = YES;
				CLANG_WARN_ENUM_CONVERSION = YES;
				CLANG_WARN_INT_CONVERSION = YES;
				CLANG_WARN_OBJC_ROOT_CLASS = YES_ERROR;
				CLANG_WARN_UNREACHABLE_CODE = YES;
				CLANG_WARN__DUPLICATE_METHOD_MATCH = YES;
				"CODE_SIGN_IDENTITY[sdk=iphoneos*]" = "iPhone Developer";
				COPY_PHASE_STRIP = YES;
				ENABLE_NS_ASSERTIONS = NO;
				ENABLE_STRICT_OBJC_MSGSEND = YES;
				GCC_C_LANGUAGE_STANDARD = gnu99;
				GCC_WARN_64_TO_32_BIT_CONVERSION = YES;
				GCC_WARN_ABOUT_RETURN_TYPE = YES_ERROR;
				GCC_WARN_UNDECLARED_SELECTOR = YES;
				GCC_WARN_UNINITIALIZED_AUTOS = YES_AGGRESSIVE;
				GCC_WARN_UNUSED_FUNCTION = YES;
				GCC_WARN_UNUSED_VARIABLE = YES;
				IPHONEOS_DEPLOYMENT_TARGET = 8.1;
				MTL_ENABLE_DEBUG_INFO = NO;
				SDKROOT = iphoneos;
				TARGETED_DEVICE_FAMILY = "1,2";
				VALIDATE_PRODUCT = YES;
			};
			name = Release;
		};
		25C02E681A9A545700EEE176 /* Debug */ = {
			isa = XCBuildConfiguration;
			buildSettings = {
				ASSETCATALOG_COMPILER_APPICON_NAME = AppIcon;
				INFOPLIST_FILE = MontyHallProblem/Info.plist;
				LD_RUNPATH_SEARCH_PATHS = "$(inherited) @executable_path/Frameworks";
				PRODUCT_NAME = "$(TARGET_NAME)";
				TARGETED_DEVICE_FAMILY = "1,2";
			};
			name = Debug;
		};
		25C02E691A9A545700EEE176 /* Release */ = {
			isa = XCBuildConfiguration;
			buildSettings = {
				ASSETCATALOG_COMPILER_APPICON_NAME = AppIcon;
				INFOPLIST_FILE = MontyHallProblem/Info.plist;
				LD_RUNPATH_SEARCH_PATHS = "$(inherited) @executable_path/Frameworks";
				PRODUCT_NAME = "$(TARGET_NAME)";
				TARGETED_DEVICE_FAMILY = "1,2";
			};
			name = Release;
		};
		25C02E6B1A9A545700EEE176 /* Debug */ = {
			isa = XCBuildConfiguration;
			buildSettings = {
				BUNDLE_LOADER = "$(TEST_HOST)";
				FRAMEWORK_SEARCH_PATHS = (
					"$(SDKROOT)/Developer/Library/Frameworks",
					"$(inherited)",
				);
				GCC_PREPROCESSOR_DEFINITIONS = (
					"DEBUG=1",
					"$(inherited)",
				);
				INFOPLIST_FILE = MontyHallProblemTests/Info.plist;
				LD_RUNPATH_SEARCH_PATHS = "$(inherited) @executable_path/Frameworks @loader_path/Frameworks";
				PRODUCT_NAME = "$(TARGET_NAME)";
				TEST_HOST = "$(BUILT_PRODUCTS_DIR)/MontyHallProblem.app/MontyHallProblem";
			};
			name = Debug;
		};
		25C02E6C1A9A545700EEE176 /* Release */ = {
			isa = XCBuildConfiguration;
			buildSettings = {
				BUNDLE_LOADER = "$(TEST_HOST)";
				FRAMEWORK_SEARCH_PATHS = (
					"$(SDKROOT)/Developer/Library/Frameworks",
					"$(inherited)",
				);
				INFOPLIST_FILE = MontyHallProblemTests/Info.plist;
				LD_RUNPATH_SEARCH_PATHS = "$(inherited) @executable_path/Frameworks @loader_path/Frameworks";
				PRODUCT_NAME = "$(TARGET_NAME)";
				TEST_HOST = "$(BUILT_PRODUCTS_DIR)/MontyHallProblem.app/MontyHallProblem";
			};
			name = Release;
		};
/* End XCBuildConfiguration section */

/* Begin XCConfigurationList section */
		25C02E3F1A9A545700EEE176 /* Build configuration list for PBXProject "MontyHallProblem" */ = {
			isa = XCConfigurationList;
			buildConfigurations = (
				25C02E651A9A545700EEE176 /* Debug */,
				25C02E661A9A545700EEE176 /* Release */,
			);
			defaultConfigurationIsVisible = 0;
			defaultConfigurationName = Release;
		};
		25C02E671A9A545700EEE176 /* Build configuration list for PBXNativeTarget "MontyHallProblem" */ = {
			isa = XCConfigurationList;
			buildConfigurations = (
				25C02E681A9A545700EEE176 /* Debug */,
				25C02E691A9A545700EEE176 /* Release */,
			);
			defaultConfigurationIsVisible = 0;
			defaultConfigurationName = Release;
		};
		25C02E6A1A9A545700EEE176 /* Build configuration list for PBXNativeTarget "MontyHallProblemTests" */ = {
			isa = XCConfigurationList;
			buildConfigurations = (
				25C02E6B1A9A545700EEE176 /* Debug */,
				25C02E6C1A9A545700EEE176 /* Release */,
			);
			defaultConfigurationIsVisible = 0;
			defaultConfigurationName = Release;
		};
/* End XCConfigurationList section */
	};
	rootObject = 25C02E3C1A9A545700EEE176 /* Project object */;
}
